PODS:
  - Alamofire (4.0.0)
  - Moya/Core (8.0.0-beta.1):
    - Alamofire (~> 4.0.0)
    - Result
  - Moya/RxSwift (8.0.0-beta.1):
    - Moya/Core
    - RxSwift (= 3.0.0-beta.1)
  - Nimble (4.1.0)
  - Quick (0.9.3)
  - Result (3.0.0)
  - RxSwift (3.0.0-beta.1)
  - SwiftyJSON (2.3.2)

DEPENDENCIES:
  - Moya/RxSwift (from `https://github.com/Moya/Moya`, tag `8.0.0-beta.1`)
  - Nimble
  - Quick (from `https://github.com/Quick/Quick`, branch `swift-3.0`)
  - RxSwift (from `https://github.com/ReactiveX/RxSwift`, tag `3.0.0-beta.1`)
  - SwiftyJSON (from `https://github.com/IBM-Swift/SwiftyJSON.git`, tag `14.2.0`)

EXTERNAL SOURCES:
  Moya:
    :git: https://github.com/Moya/Moya
    :tag: 8.0.0-beta.1
  Quick:
    :branch: swift-3.0
    :git: https://github.com/Quick/Quick
  RxSwift:
    :git: https://github.com/ReactiveX/RxSwift
    :tag: 3.0.0-beta.1
  SwiftyJSON:
    :git: https://github.com/IBM-Swift/SwiftyJSON.git
    :tag: 14.2.0

CHECKOUT OPTIONS:
  Moya:
    :git: https://github.com/Moya/Moya
    :tag: 8.0.0-beta.1
  Quick:
    :commit: 8f2bc636ecfa2cc20696f62548b38d4ab943e299
    :git: https://github.com/Quick/Quick
  RxSwift:
    :git: https://github.com/ReactiveX/RxSwift
    :tag: 3.0.0-beta.1
  SwiftyJSON:
    :git: https://github.com/IBM-Swift/SwiftyJSON.git
    :tag: 14.2.0

SPEC CHECKSUMS:
  Alamofire: fef59f00388f267e52d9b432aa5d93dc97190f14
  Moya: 63c4a59d2643c824df8c5a3b3a5f38dc2b48b055
  Nimble: 97a0a4cae5124c117115634b2d055d8c97d0af19
  Quick: 31fb576b6cbb6b028cc5e0016e4366accbb346f5
  Result: 1b3e431f37cbcd3ad89c6aa9ab0ae55515fae3b6
  RxSwift: 0823e8d7969c23bfa9ddfb2afa4881e424a1a710
  SwiftyJSON: 04ccea08915aa0109039157c7974cf0298da292a

PODFILE CHECKSUM: 83032ce69f207455ef31b809524e742effeece89

COCOAPODS: 1.1.0.rc.2
