PODS:
  - Alamofire (3.4.1)
  - Moya/Core (7.0.0):
    - Alamofire (~> 3.0)
    - Result (~> 2.0)
  - Moya/RxSwift (7.0.0):
    - Moya/Core
    - RxSwift (~> 2.0)
  - Nimble (4.1.0)
  - Quick (0.9.3)
  - Result (2.1.3)
  - RxSwift (2.6.0)
  - SwiftyJSON (2.3.2)

DEPENDENCIES:
  - Moya/RxSwift (~> 7.0)
  - Nimble (~> 4.1)
  - Quick (~> 0.9.3)
  - RxSwift (~> 2.6)
  - SwiftyJSON (~> 2.3.2)

SPEC CHECKSUMS:
  Alamofire: 01a82e2f6c0f860ade35534c8dd88be61bdef40c
  Moya: f004b82418fb8165ee1fc9f86190db4b3611fda9
  Nimble: 97a0a4cae5124c117115634b2d055d8c97d0af19
  Quick: 13a2a2b19a5d8e3ed4fd0c36ee46597fd77ebf71
  Result: 18e1a7597fbcca5923c565b40a25a98afafdee02
  RxSwift: 77f3a0b15324baa7a1c9bfa9f199648a82424e26
  SwiftyJSON: 04ccea08915aa0109039157c7974cf0298da292a

PODFILE CHECKSUM: 4363e911fcc9451b57cdbcb485debe746587964f

COCOAPODS: 1.0.0
